// !$*UTF8*$!
{
	archiveVersion = 1;
	classes = {
	};
	objectVersion = 52;
	objects = {

/* Begin PBXBuildFile section */
		1277794E59E0F1ED432F893D /* Pods_youtubedl_watchos.framework in Frameworks */ = {isa = PBXBuildFile; fileRef = EEA7B4167A933F812DA7DE06 /* Pods_youtubedl_watchos.framework */; };
		1BA5D5F56E2E2F73587CDDDC /* Pods_youtubedl_watchos_WatchKit_Extension.framework in Frameworks */ = {isa = PBXBuildFile; fileRef = D1B1C67BD29DB1BEABF59684 /* Pods_youtubedl_watchos_WatchKit_Extension.framework */; };
		890FEA34275D579A00B573B8 /* SDWebImage in Frameworks */ = {isa = PBXBuildFile; productRef = 890FEA33275D579A00B573B8 /* SDWebImage */; };
		890FEA36275D57A500B573B8 /* SDWebImage in Frameworks */ = {isa = PBXBuildFile; productRef = 890FEA35275D57A500B573B8 /* SDWebImage */; };
		890FEA38275D57AA00B573B8 /* SDWebImage in Frameworks */ = {isa = PBXBuildFile; productRef = 890FEA37275D57AA00B573B8 /* SDWebImage */; };
		891B09D5275D0F8B00696841 /* SettingsInterfaceController.swift in Sources */ = {isa = PBXBuildFile; fileRef = 891B09D4275D0F8B00696841 /* SettingsInterfaceController.swift */; };
		A9BD5F0CF08BAF8582176816 /* Pods_youtubedl_watchos_WatchKit_App.framework in Frameworks */ = {isa = PBXBuildFile; fileRef = B9B54E33BE97E2D1420A1E96 /* Pods_youtubedl_watchos_WatchKit_App.framework */; };
		AA8A948C275BF6B800EBABC4 /* Alamofire in Frameworks */ = {isa = PBXBuildFile; productRef = AA8A948B275BF6B800EBABC4 /* Alamofire */; };
		AA8A948E275BF78300EBABC4 /* Alamofire in Frameworks */ = {isa = PBXBuildFile; productRef = AA8A948D275BF78300EBABC4 /* Alamofire */; };
		AA8A9490275BF7AC00EBABC4 /* Alamofire in Frameworks */ = {isa = PBXBuildFile; productRef = AA8A948F275BF7AC00EBABC4 /* Alamofire */; };
		AAD7F128275D5D4B00D4A882 /* SwiftyJSON in Frameworks */ = {isa = PBXBuildFile; productRef = AAD7F127275D5D4B00D4A882 /* SwiftyJSON */; };
		AAD7F12A275D5D5D00D4A882 /* SwiftyJSON in Frameworks */ = {isa = PBXBuildFile; productRef = AAD7F129275D5D5D00D4A882 /* SwiftyJSON */; };
		AAD7F12C275D5D6600D4A882 /* SwiftyJSON in Frameworks */ = {isa = PBXBuildFile; productRef = AAD7F12B275D5D6600D4A882 /* SwiftyJSON */; };
		D72C93D4257D97740056D0BA /* youtubedl-watchos WatchKit App.app in Embed Watch Content */ = {isa = PBXBuildFile; fileRef = D72C93D3257D97740056D0BA /* youtubedl-watchos WatchKit App.app */; settings = {ATTRIBUTES = (RemoveHeadersOnCopy, ); }; };
		D72C93DA257D97740056D0BA /* Interface.storyboard in Resources */ = {isa = PBXBuildFile; fileRef = D72C93D8257D97740056D0BA /* Interface.storyboard */; };
		D72C93DC257D97770056D0BA /* Assets.xcassets in Resources */ = {isa = PBXBuildFile; fileRef = D72C93DB257D97770056D0BA /* Assets.xcassets */; };
		D72C93E3257D97770056D0BA /* youtubedl-watchos WatchKit Extension.appex in Embed App Extensions */ = {isa = PBXBuildFile; fileRef = D72C93E2257D97770056D0BA /* youtubedl-watchos WatchKit Extension.appex */; settings = {ATTRIBUTES = (RemoveHeadersOnCopy, ); }; };
		D72C93E8257D97770056D0BA /* InterfaceController.swift in Sources */ = {isa = PBXBuildFile; fileRef = D72C93E7257D97770056D0BA /* InterfaceController.swift */; };
		D72C93EA257D97770056D0BA /* ExtensionDelegate.swift in Sources */ = {isa = PBXBuildFile; fileRef = D72C93E9257D97770056D0BA /* ExtensionDelegate.swift */; };
		D72C93EC257D97770056D0BA /* ComplicationController.swift in Sources */ = {isa = PBXBuildFile; fileRef = D72C93EB257D97770056D0BA /* ComplicationController.swift */; };
		D72C93EE257D97780056D0BA /* Assets.xcassets in Resources */ = {isa = PBXBuildFile; fileRef = D72C93ED257D97780056D0BA /* Assets.xcassets */; };
		D72C9401257D997F0056D0BA /* NowPlayingInterfaceContoller.swift in Sources */ = {isa = PBXBuildFile; fileRef = D72C9400257D997F0056D0BA /* NowPlayingInterfaceContoller.swift */; };
		D72C940A257DA8CD0056D0BA /* Settings.swift in Sources */ = {isa = PBXBuildFile; fileRef = D72C9409257DA8CD0056D0BA /* Settings.swift */; };
		D72C9410257DAC210056D0BA /* VideoListInterfaceController.swift in Sources */ = {isa = PBXBuildFile; fileRef = D72C940F257DAC210056D0BA /* VideoListInterfaceController.swift */; };
		D72C9418257DACCE0056D0BA /* Video.swift in Sources */ = {isa = PBXBuildFile; fileRef = D72C9417257DACCE0056D0BA /* Video.swift */; };
		D72C9430257DB42D0056D0BA /* VideoTableRow.swift in Sources */ = {isa = PBXBuildFile; fileRef = D72C942F257DB42D0056D0BA /* VideoTableRow.swift */; };
/* End PBXBuildFile section */

/* Begin PBXContainerItemProxy section */
		D72C93D5257D97740056D0BA /* PBXContainerItemProxy */ = {
			isa = PBXContainerItemProxy;
			containerPortal = D72C93C9257D97740056D0BA /* Project object */;
			proxyType = 1;
			remoteGlobalIDString = D72C93D2257D97740056D0BA;
			remoteInfo = "youtubedl-watchos WatchKit App";
		};
		D72C93E4257D97770056D0BA /* PBXContainerItemProxy */ = {
			isa = PBXContainerItemProxy;
			containerPortal = D72C93C9257D97740056D0BA /* Project object */;
			proxyType = 1;
			remoteGlobalIDString = D72C93E1257D97770056D0BA;
			remoteInfo = "youtubedl-watchos WatchKit Extension";
		};
/* End PBXContainerItemProxy section */

/* Begin PBXCopyFilesBuildPhase section */
		D72C93F5257D97780056D0BA /* Embed App Extensions */ = {
			isa = PBXCopyFilesBuildPhase;
			buildActionMask = 2147483647;
			dstPath = "";
			dstSubfolderSpec = 13;
			files = (
				D72C93E3257D97770056D0BA /* youtubedl-watchos WatchKit Extension.appex in Embed App Extensions */,
			);
			name = "Embed App Extensions";
			runOnlyForDeploymentPostprocessing = 0;
		};
		D72C93F9257D97780056D0BA /* Embed Watch Content */ = {
			isa = PBXCopyFilesBuildPhase;
			buildActionMask = 2147483647;
			dstPath = "$(CONTENTS_FOLDER_PATH)/Watch";
			dstSubfolderSpec = 16;
			files = (
				D72C93D4257D97740056D0BA /* youtubedl-watchos WatchKit App.app in Embed Watch Content */,
			);
			name = "Embed Watch Content";
			runOnlyForDeploymentPostprocessing = 0;
		};
/* End PBXCopyFilesBuildPhase section */

/* Begin PBXFileReference section */
		004338E44A34699AA440AE2D /* Pods-youtubedl-watchos WatchKit Extension.debug.xcconfig */ = {isa = PBXFileReference; includeInIndex = 1; lastKnownFileType = text.xcconfig; name = "Pods-youtubedl-watchos WatchKit Extension.debug.xcconfig"; path = "Target Support Files/Pods-youtubedl-watchos WatchKit Extension/Pods-youtubedl-watchos WatchKit Extension.debug.xcconfig"; sourceTree = "<group>"; };
		17C829E966ECAE6B9AB061DB /* Pods-youtubedl-watchos WatchKit Extension.release.xcconfig */ = {isa = PBXFileReference; includeInIndex = 1; lastKnownFileType = text.xcconfig; name = "Pods-youtubedl-watchos WatchKit Extension.release.xcconfig"; path = "Target Support Files/Pods-youtubedl-watchos WatchKit Extension/Pods-youtubedl-watchos WatchKit Extension.release.xcconfig"; sourceTree = "<group>"; };
		891B09D4275D0F8B00696841 /* SettingsInterfaceController.swift */ = {isa = PBXFileReference; lastKnownFileType = sourcecode.swift; path = SettingsInterfaceController.swift; sourceTree = "<group>"; };
		A2FDD31751E0F2BCD01FB04C /* Pods-youtubedl-watchos WatchKit App.debug.xcconfig */ = {isa = PBXFileReference; includeInIndex = 1; lastKnownFileType = text.xcconfig; name = "Pods-youtubedl-watchos WatchKit App.debug.xcconfig"; path = "Target Support Files/Pods-youtubedl-watchos WatchKit App/Pods-youtubedl-watchos WatchKit App.debug.xcconfig"; sourceTree = "<group>"; };
		B9B54E33BE97E2D1420A1E96 /* Pods_youtubedl_watchos_WatchKit_App.framework */ = {isa = PBXFileReference; explicitFileType = wrapper.framework; includeInIndex = 0; path = Pods_youtubedl_watchos_WatchKit_App.framework; sourceTree = BUILT_PRODUCTS_DIR; };
		D1B1C67BD29DB1BEABF59684 /* Pods_youtubedl_watchos_WatchKit_Extension.framework */ = {isa = PBXFileReference; explicitFileType = wrapper.framework; includeInIndex = 0; path = Pods_youtubedl_watchos_WatchKit_Extension.framework; sourceTree = BUILT_PRODUCTS_DIR; };
		D72C93CF257D97740056D0BA /* youtubedl-watchos.app */ = {isa = PBXFileReference; explicitFileType = wrapper.application; includeInIndex = 0; path = "youtubedl-watchos.app"; sourceTree = BUILT_PRODUCTS_DIR; };
		D72C93D3257D97740056D0BA /* youtubedl-watchos WatchKit App.app */ = {isa = PBXFileReference; explicitFileType = wrapper.application; includeInIndex = 0; path = "youtubedl-watchos WatchKit App.app"; sourceTree = BUILT_PRODUCTS_DIR; };
		D72C93D9257D97740056D0BA /* Base */ = {isa = PBXFileReference; lastKnownFileType = file.storyboard; name = Base; path = Base.lproj/Interface.storyboard; sourceTree = "<group>"; };
		D72C93DB257D97770056D0BA /* Assets.xcassets */ = {isa = PBXFileReference; lastKnownFileType = folder.assetcatalog; path = Assets.xcassets; sourceTree = "<group>"; };
		D72C93DD257D97770056D0BA /* Info.plist */ = {isa = PBXFileReference; lastKnownFileType = text.plist.xml; path = Info.plist; sourceTree = "<group>"; };
		D72C93E2257D97770056D0BA /* youtubedl-watchos WatchKit Extension.appex */ = {isa = PBXFileReference; explicitFileType = "wrapper.app-extension"; includeInIndex = 0; path = "youtubedl-watchos WatchKit Extension.appex"; sourceTree = BUILT_PRODUCTS_DIR; };
		D72C93E7257D97770056D0BA /* InterfaceController.swift */ = {isa = PBXFileReference; lastKnownFileType = sourcecode.swift; path = InterfaceController.swift; sourceTree = "<group>"; };
		D72C93E9257D97770056D0BA /* ExtensionDelegate.swift */ = {isa = PBXFileReference; lastKnownFileType = sourcecode.swift; path = ExtensionDelegate.swift; sourceTree = "<group>"; };
		D72C93EB257D97770056D0BA /* ComplicationController.swift */ = {isa = PBXFileReference; lastKnownFileType = sourcecode.swift; path = ComplicationController.swift; sourceTree = "<group>"; };
		D72C93ED257D97780056D0BA /* Assets.xcassets */ = {isa = PBXFileReference; lastKnownFileType = folder.assetcatalog; path = Assets.xcassets; sourceTree = "<group>"; };
		D72C93EF257D97780056D0BA /* Info.plist */ = {isa = PBXFileReference; lastKnownFileType = text.plist.xml; path = Info.plist; sourceTree = "<group>"; };
		D72C9400257D997F0056D0BA /* NowPlayingInterfaceContoller.swift */ = {isa = PBXFileReference; lastKnownFileType = sourcecode.swift; path = NowPlayingInterfaceContoller.swift; sourceTree = "<group>"; };
		D72C9409257DA8CD0056D0BA /* Settings.swift */ = {isa = PBXFileReference; lastKnownFileType = sourcecode.swift; path = Settings.swift; sourceTree = "<group>"; };
		D72C940F257DAC210056D0BA /* VideoListInterfaceController.swift */ = {isa = PBXFileReference; lastKnownFileType = sourcecode.swift; path = VideoListInterfaceController.swift; sourceTree = "<group>"; };
		D72C9417257DACCE0056D0BA /* Video.swift */ = {isa = PBXFileReference; lastKnownFileType = sourcecode.swift; path = Video.swift; sourceTree = "<group>"; };
		D72C942F257DB42D0056D0BA /* VideoTableRow.swift */ = {isa = PBXFileReference; lastKnownFileType = sourcecode.swift; path = VideoTableRow.swift; sourceTree = "<group>"; };
		E27B22A41E529EE6DD05F7D2 /* Pods-youtubedl-watchos.release.xcconfig */ = {isa = PBXFileReference; includeInIndex = 1; lastKnownFileType = text.xcconfig; name = "Pods-youtubedl-watchos.release.xcconfig"; path = "Target Support Files/Pods-youtubedl-watchos/Pods-youtubedl-watchos.release.xcconfig"; sourceTree = "<group>"; };
		EDA01F6EDD3FEFD0BB0E4F3A /* Pods-youtubedl-watchos WatchKit App.release.xcconfig */ = {isa = PBXFileReference; includeInIndex = 1; lastKnownFileType = text.xcconfig; name = "Pods-youtubedl-watchos WatchKit App.release.xcconfig"; path = "Target Support Files/Pods-youtubedl-watchos WatchKit App/Pods-youtubedl-watchos WatchKit App.release.xcconfig"; sourceTree = "<group>"; };
		EEA7B4167A933F812DA7DE06 /* Pods_youtubedl_watchos.framework */ = {isa = PBXFileReference; explicitFileType = wrapper.framework; includeInIndex = 0; path = Pods_youtubedl_watchos.framework; sourceTree = BUILT_PRODUCTS_DIR; };
		FF01F7663646CB4B30A32625 /* Pods-youtubedl-watchos.debug.xcconfig */ = {isa = PBXFileReference; includeInIndex = 1; lastKnownFileType = text.xcconfig; name = "Pods-youtubedl-watchos.debug.xcconfig"; path = "Target Support Files/Pods-youtubedl-watchos/Pods-youtubedl-watchos.debug.xcconfig"; sourceTree = "<group>"; };
/* End PBXFileReference section */

/* Begin PBXFrameworksBuildPhase section */
		44A5716629B292B9B34290AC /* Frameworks */ = {
			isa = PBXFrameworksBuildPhase;
			buildActionMask = 2147483647;
			files = (
				890FEA34275D579A00B573B8 /* SDWebImage in Frameworks */,
				AA8A948C275BF6B800EBABC4 /* Alamofire in Frameworks */,
				AAD7F128275D5D4B00D4A882 /* SwiftyJSON in Frameworks */,
				1277794E59E0F1ED432F893D /* Pods_youtubedl_watchos.framework in Frameworks */,
			);
			runOnlyForDeploymentPostprocessing = 0;
		};
		B784D5D7CFC88F2ABC78F9B4 /* Frameworks */ = {
			isa = PBXFrameworksBuildPhase;
			buildActionMask = 2147483647;
			files = (
				890FEA36275D57A500B573B8 /* SDWebImage in Frameworks */,
				AA8A948E275BF78300EBABC4 /* Alamofire in Frameworks */,
				AAD7F12A275D5D5D00D4A882 /* SwiftyJSON in Frameworks */,
				A9BD5F0CF08BAF8582176816 /* Pods_youtubedl_watchos_WatchKit_App.framework in Frameworks */,
			);
			runOnlyForDeploymentPostprocessing = 0;
		};
		D72C93DF257D97770056D0BA /* Frameworks */ = {
			isa = PBXFrameworksBuildPhase;
			buildActionMask = 2147483647;
			files = (
				890FEA38275D57AA00B573B8 /* SDWebImage in Frameworks */,
				AA8A9490275BF7AC00EBABC4 /* Alamofire in Frameworks */,
				AAD7F12C275D5D6600D4A882 /* SwiftyJSON in Frameworks */,
				1BA5D5F56E2E2F73587CDDDC /* Pods_youtubedl_watchos_WatchKit_Extension.framework in Frameworks */,
			);
			runOnlyForDeploymentPostprocessing = 0;
		};
/* End PBXFrameworksBuildPhase section */

/* Begin PBXGroup section */
		630955AEEE2B9B2A7E284A56 /* Frameworks */ = {
			isa = PBXGroup;
			children = (
				EEA7B4167A933F812DA7DE06 /* Pods_youtubedl_watchos.framework */,
				B9B54E33BE97E2D1420A1E96 /* Pods_youtubedl_watchos_WatchKit_App.framework */,
				D1B1C67BD29DB1BEABF59684 /* Pods_youtubedl_watchos_WatchKit_Extension.framework */,
			);
			name = Frameworks;
			sourceTree = "<group>";
		};
		D72C93C8257D97740056D0BA = {
			isa = PBXGroup;
			children = (
				D72C93D7257D97740056D0BA /* youtubedl-watchos WatchKit App */,
				D72C93E6257D97770056D0BA /* youtubedl-watchos WatchKit Extension */,
				D72C93D0257D97740056D0BA /* Products */,
				630955AEEE2B9B2A7E284A56 /* Frameworks */,
				F25B4F1BB45B85022B23AB35 /* Pods */,
			);
			sourceTree = "<group>";
		};
		D72C93D0257D97740056D0BA /* Products */ = {
			isa = PBXGroup;
			children = (
				D72C93CF257D97740056D0BA /* youtubedl-watchos.app */,
				D72C93D3257D97740056D0BA /* youtubedl-watchos WatchKit App.app */,
				D72C93E2257D97770056D0BA /* youtubedl-watchos WatchKit Extension.appex */,
			);
			name = Products;
			sourceTree = "<group>";
		};
		D72C93D7257D97740056D0BA /* youtubedl-watchos WatchKit App */ = {
			isa = PBXGroup;
			children = (
				D72C93D8257D97740056D0BA /* Interface.storyboard */,
				D72C93DB257D97770056D0BA /* Assets.xcassets */,
				D72C93DD257D97770056D0BA /* Info.plist */,
			);
			path = "youtubedl-watchos WatchKit App";
			sourceTree = "<group>";
		};
		D72C93E6257D97770056D0BA /* youtubedl-watchos WatchKit Extension */ = {
			isa = PBXGroup;
			children = (
				D72C93E9257D97770056D0BA /* ExtensionDelegate.swift */,
				D72C93EB257D97770056D0BA /* ComplicationController.swift */,
				D72C942E257DB3EF0056D0BA /* Views */,
				D72C940E257DABF60056D0BA /* Scenes */,
				D72C9408257DA8BB0056D0BA /* Models */,
				D72C93ED257D97780056D0BA /* Assets.xcassets */,
				D72C93EF257D97780056D0BA /* Info.plist */,
			);
			path = "youtubedl-watchos WatchKit Extension";
			sourceTree = "<group>";
		};
		D72C9408257DA8BB0056D0BA /* Models */ = {
			isa = PBXGroup;
			children = (
				D72C9409257DA8CD0056D0BA /* Settings.swift */,
				D72C9417257DACCE0056D0BA /* Video.swift */,
			);
			path = Models;
			sourceTree = "<group>";
		};
		D72C940E257DABF60056D0BA /* Scenes */ = {
			isa = PBXGroup;
			children = (
				D72C93E7257D97770056D0BA /* InterfaceController.swift */,
				D72C940F257DAC210056D0BA /* VideoListInterfaceController.swift */,
				D72C9400257D997F0056D0BA /* NowPlayingInterfaceContoller.swift */,
				891B09D4275D0F8B00696841 /* SettingsInterfaceController.swift */,
			);
			path = Scenes;
			sourceTree = "<group>";
		};
		D72C942E257DB3EF0056D0BA /* Views */ = {
			isa = PBXGroup;
			children = (
				D72C942F257DB42D0056D0BA /* VideoTableRow.swift */,
			);
			path = Views;
			sourceTree = "<group>";
		};
		F25B4F1BB45B85022B23AB35 /* Pods */ = {
			isa = PBXGroup;
			children = (
				FF01F7663646CB4B30A32625 /* Pods-youtubedl-watchos.debug.xcconfig */,
				E27B22A41E529EE6DD05F7D2 /* Pods-youtubedl-watchos.release.xcconfig */,
				A2FDD31751E0F2BCD01FB04C /* Pods-youtubedl-watchos WatchKit App.debug.xcconfig */,
				EDA01F6EDD3FEFD0BB0E4F3A /* Pods-youtubedl-watchos WatchKit App.release.xcconfig */,
				004338E44A34699AA440AE2D /* Pods-youtubedl-watchos WatchKit Extension.debug.xcconfig */,
				17C829E966ECAE6B9AB061DB /* Pods-youtubedl-watchos WatchKit Extension.release.xcconfig */,
			);
			path = Pods;
			sourceTree = "<group>";
		};
/* End PBXGroup section */

/* Begin PBXNativeTarget section */
		D72C93CE257D97740056D0BA /* youtubedl-watchos */ = {
			isa = PBXNativeTarget;
			buildConfigurationList = D72C93FA257D97780056D0BA /* Build configuration list for PBXNativeTarget "youtubedl-watchos" */;
			buildPhases = (
				DB48BC9F6DF566110F065F97 /* [CP] Check Pods Manifest.lock */,
				D72C93CD257D97740056D0BA /* Resources */,
				D72C93F9257D97780056D0BA /* Embed Watch Content */,
				44A5716629B292B9B34290AC /* Frameworks */,
			);
			buildRules = (
			);
			dependencies = (
				D72C93D6257D97740056D0BA /* PBXTargetDependency */,
			);
			name = "youtubedl-watchos";
			packageProductDependencies = (
				AA8A948B275BF6B800EBABC4 /* Alamofire */,
				890FEA33275D579A00B573B8 /* SDWebImage */,
				AAD7F127275D5D4B00D4A882 /* SwiftyJSON */,
			);
			productName = "youtubedl-watchos";
			productReference = D72C93CF257D97740056D0BA /* youtubedl-watchos.app */;
			productType = "com.apple.product-type.application.watchapp2-container";
		};
		D72C93D2257D97740056D0BA /* youtubedl-watchos WatchKit App */ = {
			isa = PBXNativeTarget;
			buildConfigurationList = D72C93F6257D97780056D0BA /* Build configuration list for PBXNativeTarget "youtubedl-watchos WatchKit App" */;
			buildPhases = (
				3163074470A4B06C97FF4605 /* [CP] Check Pods Manifest.lock */,
				D72C93D1257D97740056D0BA /* Resources */,
				D72C93F5257D97780056D0BA /* Embed App Extensions */,
				B784D5D7CFC88F2ABC78F9B4 /* Frameworks */,
			);
			buildRules = (
			);
			dependencies = (
				D72C93E5257D97770056D0BA /* PBXTargetDependency */,
			);
			name = "youtubedl-watchos WatchKit App";
			packageProductDependencies = (
				AA8A948D275BF78300EBABC4 /* Alamofire */,
				890FEA35275D57A500B573B8 /* SDWebImage */,
				AAD7F129275D5D5D00D4A882 /* SwiftyJSON */,
			);
			productName = "youtubedl-watchos WatchKit App";
			productReference = D72C93D3257D97740056D0BA /* youtubedl-watchos WatchKit App.app */;
			productType = "com.apple.product-type.application.watchapp2";
		};
		D72C93E1257D97770056D0BA /* youtubedl-watchos WatchKit Extension */ = {
			isa = PBXNativeTarget;
			buildConfigurationList = D72C93F2257D97780056D0BA /* Build configuration list for PBXNativeTarget "youtubedl-watchos WatchKit Extension" */;
			buildPhases = (
				709ADC6A96667A7E01F527A0 /* [CP] Check Pods Manifest.lock */,
				D72C93DE257D97770056D0BA /* Sources */,
				D72C93DF257D97770056D0BA /* Frameworks */,
				D72C93E0257D97770056D0BA /* Resources */,
				6D93E9BECAC7308857DA44B4 /* [CP] Embed Pods Frameworks */,
			);
			buildRules = (
			);
			dependencies = (
			);
			name = "youtubedl-watchos WatchKit Extension";
			packageProductDependencies = (
				AA8A948F275BF7AC00EBABC4 /* Alamofire */,
				890FEA37275D57AA00B573B8 /* SDWebImage */,
				AAD7F12B275D5D6600D4A882 /* SwiftyJSON */,
			);
			productName = "youtubedl-watchos WatchKit Extension";
			productReference = D72C93E2257D97770056D0BA /* youtubedl-watchos WatchKit Extension.appex */;
			productType = "com.apple.product-type.watchkit2-extension";
		};
/* End PBXNativeTarget section */

/* Begin PBXProject section */
		D72C93C9257D97740056D0BA /* Project object */ = {
			isa = PBXProject;
			attributes = {
				LastSwiftUpdateCheck = 1220;
				LastUpgradeCheck = 1220;
				TargetAttributes = {
					D72C93CE257D97740056D0BA = {
						CreatedOnToolsVersion = 12.2;
					};
					D72C93D2257D97740056D0BA = {
						CreatedOnToolsVersion = 12.2;
					};
					D72C93E1257D97770056D0BA = {
						CreatedOnToolsVersion = 12.2;
					};
				};
			};
			buildConfigurationList = D72C93CC257D97740056D0BA /* Build configuration list for PBXProject "youtubedl-watchos" */;
			compatibilityVersion = "Xcode 9.3";
			developmentRegion = en;
			hasScannedForEncodings = 0;
			knownRegions = (
				en,
				Base,
			);
			mainGroup = D72C93C8257D97740056D0BA;
			packageReferences = (
				AA8A948A275BF6B800EBABC4 /* XCRemoteSwiftPackageReference "Alamofire" */,
				890FEA32275D579A00B573B8 /* XCRemoteSwiftPackageReference "SDWebImage" */,
				AAD7F126275D5D4B00D4A882 /* XCRemoteSwiftPackageReference "SwiftyJSON" */,
			);
			productRefGroup = D72C93D0257D97740056D0BA /* Products */;
			projectDirPath = "";
			projectRoot = "";
			targets = (
				D72C93CE257D97740056D0BA /* youtubedl-watchos */,
				D72C93D2257D97740056D0BA /* youtubedl-watchos WatchKit App */,
				D72C93E1257D97770056D0BA /* youtubedl-watchos WatchKit Extension */,
			);
		};
/* End PBXProject section */

/* Begin PBXResourcesBuildPhase section */
		D72C93CD257D97740056D0BA /* Resources */ = {
			isa = PBXResourcesBuildPhase;
			buildActionMask = 2147483647;
			files = (
			);
			runOnlyForDeploymentPostprocessing = 0;
		};
		D72C93D1257D97740056D0BA /* Resources */ = {
			isa = PBXResourcesBuildPhase;
			buildActionMask = 2147483647;
			files = (
				D72C93DC257D97770056D0BA /* Assets.xcassets in Resources */,
				D72C93DA257D97740056D0BA /* Interface.storyboard in Resources */,
			);
			runOnlyForDeploymentPostprocessing = 0;
		};
		D72C93E0257D97770056D0BA /* Resources */ = {
			isa = PBXResourcesBuildPhase;
			buildActionMask = 2147483647;
			files = (
				D72C93EE257D97780056D0BA /* Assets.xcassets in Resources */,
			);
			runOnlyForDeploymentPostprocessing = 0;
		};
/* End PBXResourcesBuildPhase section */

/* Begin PBXShellScriptBuildPhase section */
		3163074470A4B06C97FF4605 /* [CP] Check Pods Manifest.lock */ = {
			isa = PBXShellScriptBuildPhase;
			buildActionMask = 2147483647;
			files = (
			);
			inputFileListPaths = (
			);
			inputPaths = (
				"${PODS_PODFILE_DIR_PATH}/Podfile.lock",
				"${PODS_ROOT}/Manifest.lock",
			);
			name = "[CP] Check Pods Manifest.lock";
			outputFileListPaths = (
			);
			outputPaths = (
				"$(DERIVED_FILE_DIR)/Pods-youtubedl-watchos WatchKit App-checkManifestLockResult.txt",
			);
			runOnlyForDeploymentPostprocessing = 0;
			shellPath = /bin/sh;
			shellScript = "diff \"${PODS_PODFILE_DIR_PATH}/Podfile.lock\" \"${PODS_ROOT}/Manifest.lock\" > /dev/null\nif [ $? != 0 ] ; then\n    # print error to STDERR\n    echo \"error: The sandbox is not in sync with the Podfile.lock. Run 'pod install' or update your CocoaPods installation.\" >&2\n    exit 1\nfi\n# This output is used by Xcode 'outputs' to avoid re-running this script phase.\necho \"SUCCESS\" > \"${SCRIPT_OUTPUT_FILE_0}\"\n";
			showEnvVarsInLog = 0;
		};
		6D93E9BECAC7308857DA44B4 /* [CP] Embed Pods Frameworks */ = {
			isa = PBXShellScriptBuildPhase;
			buildActionMask = 2147483647;
			files = (
			);
			inputFileListPaths = (
				"${PODS_ROOT}/Target Support Files/Pods-youtubedl-watchos WatchKit Extension/Pods-youtubedl-watchos WatchKit Extension-frameworks-${CONFIGURATION}-input-files.xcfilelist",
			);
			name = "[CP] Embed Pods Frameworks";
			outputFileListPaths = (
				"${PODS_ROOT}/Target Support Files/Pods-youtubedl-watchos WatchKit Extension/Pods-youtubedl-watchos WatchKit Extension-frameworks-${CONFIGURATION}-output-files.xcfilelist",
			);
			runOnlyForDeploymentPostprocessing = 0;
			shellPath = /bin/sh;
			shellScript = "\"${PODS_ROOT}/Target Support Files/Pods-youtubedl-watchos WatchKit Extension/Pods-youtubedl-watchos WatchKit Extension-frameworks.sh\"\n";
			showEnvVarsInLog = 0;
		};
		709ADC6A96667A7E01F527A0 /* [CP] Check Pods Manifest.lock */ = {
			isa = PBXShellScriptBuildPhase;
			buildActionMask = 2147483647;
			files = (
			);
			inputFileListPaths = (
			);
			inputPaths = (
				"${PODS_PODFILE_DIR_PATH}/Podfile.lock",
				"${PODS_ROOT}/Manifest.lock",
			);
			name = "[CP] Check Pods Manifest.lock";
			outputFileListPaths = (
			);
			outputPaths = (
				"$(DERIVED_FILE_DIR)/Pods-youtubedl-watchos WatchKit Extension-checkManifestLockResult.txt",
			);
			runOnlyForDeploymentPostprocessing = 0;
			shellPath = /bin/sh;
			shellScript = "diff \"${PODS_PODFILE_DIR_PATH}/Podfile.lock\" \"${PODS_ROOT}/Manifest.lock\" > /dev/null\nif [ $? != 0 ] ; then\n    # print error to STDERR\n    echo \"error: The sandbox is not in sync with the Podfile.lock. Run 'pod install' or update your CocoaPods installation.\" >&2\n    exit 1\nfi\n# This output is used by Xcode 'outputs' to avoid re-running this script phase.\necho \"SUCCESS\" > \"${SCRIPT_OUTPUT_FILE_0}\"\n";
			showEnvVarsInLog = 0;
		};
		DB48BC9F6DF566110F065F97 /* [CP] Check Pods Manifest.lock */ = {
			isa = PBXShellScriptBuildPhase;
			buildActionMask = 2147483647;
			files = (
			);
			inputFileListPaths = (
			);
			inputPaths = (
				"${PODS_PODFILE_DIR_PATH}/Podfile.lock",
				"${PODS_ROOT}/Manifest.lock",
			);
			name = "[CP] Check Pods Manifest.lock";
			outputFileListPaths = (
			);
			outputPaths = (
				"$(DERIVED_FILE_DIR)/Pods-youtubedl-watchos-checkManifestLockResult.txt",
			);
			runOnlyForDeploymentPostprocessing = 0;
			shellPath = /bin/sh;
			shellScript = "diff \"${PODS_PODFILE_DIR_PATH}/Podfile.lock\" \"${PODS_ROOT}/Manifest.lock\" > /dev/null\nif [ $? != 0 ] ; then\n    # print error to STDERR\n    echo \"error: The sandbox is not in sync with the Podfile.lock. Run 'pod install' or update your CocoaPods installation.\" >&2\n    exit 1\nfi\n# This output is used by Xcode 'outputs' to avoid re-running this script phase.\necho \"SUCCESS\" > \"${SCRIPT_OUTPUT_FILE_0}\"\n";
			showEnvVarsInLog = 0;
		};
/* End PBXShellScriptBuildPhase section */

/* Begin PBXSourcesBuildPhase section */
		D72C93DE257D97770056D0BA /* Sources */ = {
			isa = PBXSourcesBuildPhase;
			buildActionMask = 2147483647;
			files = (
				D72C9401257D997F0056D0BA /* NowPlayingInterfaceContoller.swift in Sources */,
				D72C9410257DAC210056D0BA /* VideoListInterfaceController.swift in Sources */,
				D72C93EA257D97770056D0BA /* ExtensionDelegate.swift in Sources */,
				D72C93E8257D97770056D0BA /* InterfaceController.swift in Sources */,
				891B09D5275D0F8B00696841 /* SettingsInterfaceController.swift in Sources */,
				D72C93EC257D97770056D0BA /* ComplicationController.swift in Sources */,
				D72C9430257DB42D0056D0BA /* VideoTableRow.swift in Sources */,
				D72C9418257DACCE0056D0BA /* Video.swift in Sources */,
				D72C940A257DA8CD0056D0BA /* Settings.swift in Sources */,
			);
			runOnlyForDeploymentPostprocessing = 0;
		};
/* End PBXSourcesBuildPhase section */

/* Begin PBXTargetDependency section */
		D72C93D6257D97740056D0BA /* PBXTargetDependency */ = {
			isa = PBXTargetDependency;
			target = D72C93D2257D97740056D0BA /* youtubedl-watchos WatchKit App */;
			targetProxy = D72C93D5257D97740056D0BA /* PBXContainerItemProxy */;
		};
		D72C93E5257D97770056D0BA /* PBXTargetDependency */ = {
			isa = PBXTargetDependency;
			target = D72C93E1257D97770056D0BA /* youtubedl-watchos WatchKit Extension */;
			targetProxy = D72C93E4257D97770056D0BA /* PBXContainerItemProxy */;
		};
/* End PBXTargetDependency section */

/* Begin PBXVariantGroup section */
		D72C93D8257D97740056D0BA /* Interface.storyboard */ = {
			isa = PBXVariantGroup;
			children = (
				D72C93D9257D97740056D0BA /* Base */,
			);
			name = Interface.storyboard;
			sourceTree = "<group>";
		};
/* End PBXVariantGroup section */

/* Begin XCBuildConfiguration section */
		D72C93F0257D97780056D0BA /* Debug */ = {
			isa = XCBuildConfiguration;
			buildSettings = {
				ALWAYS_SEARCH_USER_PATHS = NO;
				CLANG_ANALYZER_NONNULL = YES;
				CLANG_ANALYZER_NUMBER_OBJECT_CONVERSION = YES_AGGRESSIVE;
				CLANG_CXX_LANGUAGE_STANDARD = "gnu++14";
				CLANG_CXX_LIBRARY = "libc++";
				CLANG_ENABLE_MODULES = YES;
				CLANG_ENABLE_OBJC_ARC = YES;
				CLANG_ENABLE_OBJC_WEAK = YES;
				CLANG_WARN_BLOCK_CAPTURE_AUTORELEASING = YES;
				CLANG_WARN_BOOL_CONVERSION = YES;
				CLANG_WARN_COMMA = YES;
				CLANG_WARN_CONSTANT_CONVERSION = YES;
				CLANG_WARN_DEPRECATED_OBJC_IMPLEMENTATIONS = YES;
				CLANG_WARN_DIRECT_OBJC_ISA_USAGE = YES_ERROR;
				CLANG_WARN_DOCUMENTATION_COMMENTS = YES;
				CLANG_WARN_EMPTY_BODY = YES;
				CLANG_WARN_ENUM_CONVERSION = YES;
				CLANG_WARN_INFINITE_RECURSION = YES;
				CLANG_WARN_INT_CONVERSION = YES;
				CLANG_WARN_NON_LITERAL_NULL_CONVERSION = YES;
				CLANG_WARN_OBJC_IMPLICIT_RETAIN_SELF = YES;
				CLANG_WARN_OBJC_LITERAL_CONVERSION = YES;
				CLANG_WARN_OBJC_ROOT_CLASS = YES_ERROR;
				CLANG_WARN_QUOTED_INCLUDE_IN_FRAMEWORK_HEADER = YES;
				CLANG_WARN_RANGE_LOOP_ANALYSIS = YES;
				CLANG_WARN_STRICT_PROTOTYPES = YES;
				CLANG_WARN_SUSPICIOUS_MOVE = YES;
				CLANG_WARN_UNGUARDED_AVAILABILITY = YES_AGGRESSIVE;
				CLANG_WARN_UNREACHABLE_CODE = YES;
				CLANG_WARN__DUPLICATE_METHOD_MATCH = YES;
				COPY_PHASE_STRIP = NO;
				DEBUG_INFORMATION_FORMAT = dwarf;
				ENABLE_STRICT_OBJC_MSGSEND = YES;
				ENABLE_TESTABILITY = YES;
				GCC_C_LANGUAGE_STANDARD = gnu11;
				GCC_DYNAMIC_NO_PIC = NO;
				GCC_NO_COMMON_BLOCKS = YES;
				GCC_OPTIMIZATION_LEVEL = 0;
				GCC_PREPROCESSOR_DEFINITIONS = (
					"DEBUG=1",
					"$(inherited)",
				);
				GCC_WARN_64_TO_32_BIT_CONVERSION = YES;
				GCC_WARN_ABOUT_RETURN_TYPE = YES_ERROR;
				GCC_WARN_UNDECLARED_SELECTOR = YES;
				GCC_WARN_UNINITIALIZED_AUTOS = YES_AGGRESSIVE;
				GCC_WARN_UNUSED_FUNCTION = YES;
				GCC_WARN_UNUSED_VARIABLE = YES;
				IPHONEOS_DEPLOYMENT_TARGET = 13.0;
				MTL_ENABLE_DEBUG_INFO = INCLUDE_SOURCE;
				MTL_FAST_MATH = YES;
				ONLY_ACTIVE_ARCH = YES;
				SDKROOT = iphoneos;
				SWIFT_ACTIVE_COMPILATION_CONDITIONS = DEBUG;
				SWIFT_OPTIMIZATION_LEVEL = "-Onone";
			};
			name = Debug;
		};
		D72C93F1257D97780056D0BA /* Release */ = {
			isa = XCBuildConfiguration;
			buildSettings = {
				ALWAYS_SEARCH_USER_PATHS = NO;
				CLANG_ANALYZER_NONNULL = YES;
				CLANG_ANALYZER_NUMBER_OBJECT_CONVERSION = YES_AGGRESSIVE;
				CLANG_CXX_LANGUAGE_STANDARD = "gnu++14";
				CLANG_CXX_LIBRARY = "libc++";
				CLANG_ENABLE_MODULES = YES;
				CLANG_ENABLE_OBJC_ARC = YES;
				CLANG_ENABLE_OBJC_WEAK = YES;
				CLANG_WARN_BLOCK_CAPTURE_AUTORELEASING = YES;
				CLANG_WARN_BOOL_CONVERSION = YES;
				CLANG_WARN_COMMA = YES;
				CLANG_WARN_CONSTANT_CONVERSION = YES;
				CLANG_WARN_DEPRECATED_OBJC_IMPLEMENTATIONS = YES;
				CLANG_WARN_DIRECT_OBJC_ISA_USAGE = YES_ERROR;
				CLANG_WARN_DOCUMENTATION_COMMENTS = YES;
				CLANG_WARN_EMPTY_BODY = YES;
				CLANG_WARN_ENUM_CONVERSION = YES;
				CLANG_WARN_INFINITE_RECURSION = YES;
				CLANG_WARN_INT_CONVERSION = YES;
				CLANG_WARN_NON_LITERAL_NULL_CONVERSION = YES;
				CLANG_WARN_OBJC_IMPLICIT_RETAIN_SELF = YES;
				CLANG_WARN_OBJC_LITERAL_CONVERSION = YES;
				CLANG_WARN_OBJC_ROOT_CLASS = YES_ERROR;
				CLANG_WARN_QUOTED_INCLUDE_IN_FRAMEWORK_HEADER = YES;
				CLANG_WARN_RANGE_LOOP_ANALYSIS = YES;
				CLANG_WARN_STRICT_PROTOTYPES = YES;
				CLANG_WARN_SUSPICIOUS_MOVE = YES;
				CLANG_WARN_UNGUARDED_AVAILABILITY = YES_AGGRESSIVE;
				CLANG_WARN_UNREACHABLE_CODE = YES;
				CLANG_WARN__DUPLICATE_METHOD_MATCH = YES;
				COPY_PHASE_STRIP = NO;
				DEBUG_INFORMATION_FORMAT = "dwarf-with-dsym";
				ENABLE_NS_ASSERTIONS = NO;
				ENABLE_STRICT_OBJC_MSGSEND = YES;
				GCC_C_LANGUAGE_STANDARD = gnu11;
				GCC_NO_COMMON_BLOCKS = YES;
				GCC_WARN_64_TO_32_BIT_CONVERSION = YES;
				GCC_WARN_ABOUT_RETURN_TYPE = YES_ERROR;
				GCC_WARN_UNDECLARED_SELECTOR = YES;
				GCC_WARN_UNINITIALIZED_AUTOS = YES_AGGRESSIVE;
				GCC_WARN_UNUSED_FUNCTION = YES;
				GCC_WARN_UNUSED_VARIABLE = YES;
				IPHONEOS_DEPLOYMENT_TARGET = 13.0;
				MTL_ENABLE_DEBUG_INFO = NO;
				MTL_FAST_MATH = YES;
				SDKROOT = iphoneos;
				SWIFT_COMPILATION_MODE = wholemodule;
				SWIFT_OPTIMIZATION_LEVEL = "-O";
				VALIDATE_PRODUCT = YES;
			};
			name = Release;
		};
		D72C93F3257D97780056D0BA /* Debug */ = {
			isa = XCBuildConfiguration;
			baseConfigurationReference = 004338E44A34699AA440AE2D /* Pods-youtubedl-watchos WatchKit Extension.debug.xcconfig */;
			buildSettings = {
				ASSETCATALOG_COMPILER_COMPLICATION_NAME = Complication;
				CODE_SIGN_STYLE = Automatic;
				DEVELOPMENT_TEAM = 566RT33SA2;
				INFOPLIST_FILE = "youtubedl-watchos WatchKit Extension/Info.plist";
				LD_RUNPATH_SEARCH_PATHS = (
					"$(inherited)",
					"@executable_path/Frameworks",
					"@executable_path/../../Frameworks",
				);
				PRODUCT_BUNDLE_IDENTIFIER = "com.bpm.youtubedl.watchos.youtubedl-watchos.watchkitapp.watchkitextension";
				PRODUCT_NAME = "${TARGET_NAME}";
				SDKROOT = watchos;
				SKIP_INSTALL = YES;
				SWIFT_VERSION = 5.0;
				TARGETED_DEVICE_FAMILY = 4;
				WATCHOS_DEPLOYMENT_TARGET = 8.0;
			};
			name = Debug;
		};
		D72C93F4257D97780056D0BA /* Release */ = {
			isa = XCBuildConfiguration;
			baseConfigurationReference = 17C829E966ECAE6B9AB061DB /* Pods-youtubedl-watchos WatchKit Extension.release.xcconfig */;
			buildSettings = {
				ASSETCATALOG_COMPILER_COMPLICATION_NAME = Complication;
				CODE_SIGN_STYLE = Automatic;
				DEVELOPMENT_TEAM = 566RT33SA2;
				INFOPLIST_FILE = "youtubedl-watchos WatchKit Extension/Info.plist";
				LD_RUNPATH_SEARCH_PATHS = (
					"$(inherited)",
					"@executable_path/Frameworks",
					"@executable_path/../../Frameworks",
				);
				PRODUCT_BUNDLE_IDENTIFIER = "com.bpm.youtubedl.watchos.youtubedl-watchos.watchkitapp.watchkitextension";
				PRODUCT_NAME = "${TARGET_NAME}";
				SDKROOT = watchos;
				SKIP_INSTALL = YES;
				SWIFT_VERSION = 5.0;
				TARGETED_DEVICE_FAMILY = 4;
				WATCHOS_DEPLOYMENT_TARGET = 8.0;
			};
			name = Release;
		};
		D72C93F7257D97780056D0BA /* Debug */ = {
			isa = XCBuildConfiguration;
			baseConfigurationReference = A2FDD31751E0F2BCD01FB04C /* Pods-youtubedl-watchos WatchKit App.debug.xcconfig */;
			buildSettings = {
				ALWAYS_EMBED_SWIFT_STANDARD_LIBRARIES = YES;
				ASSETCATALOG_COMPILER_APPICON_NAME = AppIcon;
				ASSETCATALOG_COMPILER_GLOBAL_ACCENT_COLOR_NAME = AccentColor;
				CODE_SIGN_STYLE = Automatic;
				DEVELOPMENT_TEAM = 566RT33SA2;
				IBSC_MODULE = youtubedl_watchos_WatchKit_Extension;
				INFOPLIST_FILE = "youtubedl-watchos WatchKit App/Info.plist";
				PRODUCT_BUNDLE_IDENTIFIER = "com.bpm.youtubedl.watchos.youtubedl-watchos.watchkitapp";
				PRODUCT_NAME = "$(TARGET_NAME)";
				SDKROOT = watchos;
				SKIP_INSTALL = YES;
				SWIFT_VERSION = 5.0;
				TARGETED_DEVICE_FAMILY = 4;
				WATCHOS_DEPLOYMENT_TARGET = 8.0;
			};
			name = Debug;
		};
		D72C93F8257D97780056D0BA /* Release */ = {
			isa = XCBuildConfiguration;
			baseConfigurationReference = EDA01F6EDD3FEFD0BB0E4F3A /* Pods-youtubedl-watchos WatchKit App.release.xcconfig */;
			buildSettings = {
				ALWAYS_EMBED_SWIFT_STANDARD_LIBRARIES = YES;
				ASSETCATALOG_COMPILER_APPICON_NAME = AppIcon;
				ASSETCATALOG_COMPILER_GLOBAL_ACCENT_COLOR_NAME = AccentColor;
				CODE_SIGN_STYLE = Automatic;
				DEVELOPMENT_TEAM = 566RT33SA2;
				IBSC_MODULE = youtubedl_watchos_WatchKit_Extension;
				INFOPLIST_FILE = "youtubedl-watchos WatchKit App/Info.plist";
				PRODUCT_BUNDLE_IDENTIFIER = "com.bpm.youtubedl.watchos.youtubedl-watchos.watchkitapp";
				PRODUCT_NAME = "$(TARGET_NAME)";
				SDKROOT = watchos;
				SKIP_INSTALL = YES;
				SWIFT_VERSION = 5.0;
				TARGETED_DEVICE_FAMILY = 4;
				WATCHOS_DEPLOYMENT_TARGET = 8.0;
			};
			name = Release;
		};
		D72C93FB257D97780056D0BA /* Debug */ = {
			isa = XCBuildConfiguration;
			baseConfigurationReference = FF01F7663646CB4B30A32625 /* Pods-youtubedl-watchos.debug.xcconfig */;
			buildSettings = {
				CODE_SIGN_STYLE = Automatic;
				CURRENT_PROJECT_VERSION = 1;
				DEVELOPMENT_TEAM = 566RT33SA2;
				MARKETING_VERSION = 1.0;
				PRODUCT_BUNDLE_IDENTIFIER = "com.bpm.youtubedl.watchos.youtubedl-watchos";
				PRODUCT_NAME = "$(TARGET_NAME)";
				SWIFT_VERSION = 5.0;
			};
			name = Debug;
		};
		D72C93FC257D97780056D0BA /* Release */ = {
			isa = XCBuildConfiguration;
			baseConfigurationReference = E27B22A41E529EE6DD05F7D2 /* Pods-youtubedl-watchos.release.xcconfig */;
			buildSettings = {
				CODE_SIGN_STYLE = Automatic;
				CURRENT_PROJECT_VERSION = 1;
				DEVELOPMENT_TEAM = 566RT33SA2;
				MARKETING_VERSION = 1.0;
				PRODUCT_BUNDLE_IDENTIFIER = "com.bpm.youtubedl.watchos.youtubedl-watchos";
				PRODUCT_NAME = "$(TARGET_NAME)";
				SWIFT_VERSION = 5.0;
			};
			name = Release;
		};
/* End XCBuildConfiguration section */

/* Begin XCConfigurationList section */
		D72C93CC257D97740056D0BA /* Build configuration list for PBXProject "youtubedl-watchos" */ = {
			isa = XCConfigurationList;
			buildConfigurations = (
				D72C93F0257D97780056D0BA /* Debug */,
				D72C93F1257D97780056D0BA /* Release */,
			);
			defaultConfigurationIsVisible = 0;
			defaultConfigurationName = Release;
		};
		D72C93F2257D97780056D0BA /* Build configuration list for PBXNativeTarget "youtubedl-watchos WatchKit Extension" */ = {
			isa = XCConfigurationList;
			buildConfigurations = (
				D72C93F3257D97780056D0BA /* Debug */,
				D72C93F4257D97780056D0BA /* Release */,
			);
			defaultConfigurationIsVisible = 0;
			defaultConfigurationName = Release;
		};
		D72C93F6257D97780056D0BA /* Build configuration list for PBXNativeTarget "youtubedl-watchos WatchKit App" */ = {
			isa = XCConfigurationList;
			buildConfigurations = (
				D72C93F7257D97780056D0BA /* Debug */,
				D72C93F8257D97780056D0BA /* Release */,
			);
			defaultConfigurationIsVisible = 0;
			defaultConfigurationName = Release;
		};
		D72C93FA257D97780056D0BA /* Build configuration list for PBXNativeTarget "youtubedl-watchos" */ = {
			isa = XCConfigurationList;
			buildConfigurations = (
				D72C93FB257D97780056D0BA /* Debug */,
				D72C93FC257D97780056D0BA /* Release */,
			);
			defaultConfigurationIsVisible = 0;
			defaultConfigurationName = Release;
		};
/* End XCConfigurationList section */

/* Begin XCRemoteSwiftPackageReference section */
		890FEA32275D579A00B573B8 /* XCRemoteSwiftPackageReference "SDWebImage" */ = {
			isa = XCRemoteSwiftPackageReference;
			repositoryURL = "https://github.com/SDWebImage/SDWebImage.git";
			requirement = {
				kind = upToNextMajorVersion;
				minimumVersion = 5.0.0;
			};
		};
		AA8A948A275BF6B800EBABC4 /* XCRemoteSwiftPackageReference "Alamofire" */ = {
			isa = XCRemoteSwiftPackageReference;
			repositoryURL = "https://github.com/Alamofire/Alamofire.git";
			requirement = {
				kind = upToNextMajorVersion;
				minimumVersion = 5.0.0;
			};
		};
		AAD7F126275D5D4B00D4A882 /* XCRemoteSwiftPackageReference "SwiftyJSON" */ = {
			isa = XCRemoteSwiftPackageReference;
			repositoryURL = "https://github.com/SwiftyJSON/SwiftyJSON";
			requirement = {
				kind = upToNextMajorVersion;
				minimumVersion = 5.0.0;
			};
		};
/* End XCRemoteSwiftPackageReference section */

/* Begin XCSwiftPackageProductDependency section */
		890FEA33275D579A00B573B8 /* SDWebImage */ = {
			isa = XCSwiftPackageProductDependency;
			package = 890FEA32275D579A00B573B8 /* XCRemoteSwiftPackageReference "SDWebImage" */;
			productName = SDWebImage;
		};
		890FEA35275D57A500B573B8 /* SDWebImage */ = {
			isa = XCSwiftPackageProductDependency;
			package = 890FEA32275D579A00B573B8 /* XCRemoteSwiftPackageReference "SDWebImage" */;
			productName = SDWebImage;
		};
		890FEA37275D57AA00B573B8 /* SDWebImage */ = {
			isa = XCSwiftPackageProductDependency;
			package = 890FEA32275D579A00B573B8 /* XCRemoteSwiftPackageReference "SDWebImage" */;
			productName = SDWebImage;
		};
		AA8A948B275BF6B800EBABC4 /* Alamofire */ = {
			isa = XCSwiftPackageProductDependency;
			package = AA8A948A275BF6B800EBABC4 /* XCRemoteSwiftPackageReference "Alamofire" */;
			productName = Alamofire;
		};
		AA8A948D275BF78300EBABC4 /* Alamofire */ = {
			isa = XCSwiftPackageProductDependency;
			package = AA8A948A275BF6B800EBABC4 /* XCRemoteSwiftPackageReference "Alamofire" */;
			productName = Alamofire;
		};
		AA8A948F275BF7AC00EBABC4 /* Alamofire */ = {
			isa = XCSwiftPackageProductDependency;
			package = AA8A948A275BF6B800EBABC4 /* XCRemoteSwiftPackageReference "Alamofire" */;
			productName = Alamofire;
		};
		AAD7F127275D5D4B00D4A882 /* SwiftyJSON */ = {
			isa = XCSwiftPackageProductDependency;
			package = AAD7F126275D5D4B00D4A882 /* XCRemoteSwiftPackageReference "SwiftyJSON" */;
			productName = SwiftyJSON;
		};
		AAD7F129275D5D5D00D4A882 /* SwiftyJSON */ = {
			isa = XCSwiftPackageProductDependency;
			package = AAD7F126275D5D4B00D4A882 /* XCRemoteSwiftPackageReference "SwiftyJSON" */;
			productName = SwiftyJSON;
		};
		AAD7F12B275D5D6600D4A882 /* SwiftyJSON */ = {
			isa = XCSwiftPackageProductDependency;
			package = AAD7F126275D5D4B00D4A882 /* XCRemoteSwiftPackageReference "SwiftyJSON" */;
			productName = SwiftyJSON;
		};
/* End XCSwiftPackageProductDependency section */
	};
	rootObject = D72C93C9257D97740056D0BA /* Project object */;
}
